
Microsoft Visual Studio Solution File, Format Version 11.00
# Visual Studio 2010
Project("{FAE04EC0-301F-11D3-BF4B-00C04F79EFBC}") = "CTTC_ITS_Manage", "CTTC_ITS_Manage\CTTC_ITS_Manage.csproj", "{9B5708E8-A4B7-44E2-AC7B-8AA417D126EA}"
EndProject
Project("{FAE04EC0-301F-11D3-BF4B-00C04F79EFBC}") = "ITS_Manage.DAL", "ITS_Manage.DAL\ITS_Manage.DAL.csproj", "{FEB6D338-CC22-4D96-BB53-6E2DA9DBAAD8}"
EndProject
Project("{FAE04EC0-301F-11D3-BF4B-00C04F79EFBC}") = "ITS_Manage.Model", "ITS_Manage.Model\ITS_Manage.Model.csproj", "{16B14489-ABB6-4DBE-9A95-EFF4405DA489}"
EndProject
Project("{FAE04EC0-301F-11D3-BF4B-00C04F79EFBC}") = "ITS_Manage.COMMON", "ITS_Manager.COMMON\ITS_Manage.COMMON.csproj", "{C48CF57A-C20C-4EEF-9CB0-3A4CD51FE640}"
EndProject
Project("{FAE04EC0-301F-11D3-BF4B-00C04F79EFBC}") = "ITS_Manage.BLL", "ITS_Manage.BLL\ITS_Manage.BLL.csproj", "{91853723-3C69-4223-AE4F-39682B8429F9}"
EndProject
Global
	GlobalSection(SolutionConfigurationPlatforms) = preSolution
		Debug|Any CPU = Debug|Any CPU
		Release|Any CPU = Release|Any CPU
	EndGlobalSection
	GlobalSection(ProjectConfigurationPlatforms) = postSolution
		{9B5708E8-A4B7-44E2-AC7B-8AA417D126EA}.Debug|Any CPU.ActiveCfg = Debug|Any CPU
		{9B5708E8-A4B7-44E2-AC7B-8AA417D126EA}.Debug|Any CPU.Build.0 = Debug|Any CPU
		{9B5708E8-A4B7-44E2-AC7B-8AA417D126EA}.Release|Any CPU.ActiveCfg = Release|Any CPU
		{9B5708E8-A4B7-44E2-AC7B-8AA417D126EA}.Release|Any CPU.Build.0 = Release|Any CPU
		{FEB6D338-CC22-4D96-BB53-6E2DA9DBAAD8}.Debug|Any CPU.ActiveCfg = Debug|Any CPU
		{FEB6D338-CC22-4D96-BB53-6E2DA9DBAAD8}.Debug|Any CPU.Build.0 = Debug|Any CPU
		{FEB6D338-CC22-4D96-BB53-6E2DA9DBAAD8}.Release|Any CPU.ActiveCfg = Release|Any CPU
		{FEB6D338-CC22-4D96-BB53-6E2DA9DBAAD8}.Release|Any CPU.Build.0 = Release|Any CPU
		{16B14489-ABB6-4DBE-9A95-EFF4405DA489}.Debug|Any CPU.ActiveCfg = Debug|Any CPU
		{16B14489-ABB6-4DBE-9A95-EFF4405DA489}.Debug|Any CPU.Build.0 = Debug|Any CPU
		{16B14489-ABB6-4DBE-9A95-EFF4405DA489}.Release|Any CPU.ActiveCfg = Release|Any CPU
		{16B14489-ABB6-4DBE-9A95-EFF4405DA489}.Release|Any CPU.Build.0 = Release|Any CPU
		{C48CF57A-C20C-4EEF-9CB0-3A4CD51FE640}.Debug|Any CPU.ActiveCfg = Debug|Any CPU
		{C48CF57A-C20C-4EEF-9CB0-3A4CD51FE640}.Debug|Any CPU.Build.0 = Debug|Any CPU
		{C48CF57A-C20C-4EEF-9CB0-3A4CD51FE640}.Release|Any CPU.ActiveCfg = Release|Any CPU
		{C48CF57A-C20C-4EEF-9CB0-3A4CD51FE640}.Release|Any CPU.Build.0 = Release|Any CPU
		{91853723-3C69-4223-AE4F-39682B8429F9}.Debug|Any CPU.ActiveCfg = Debug|Any CPU
		{91853723-3C69-4223-AE4F-39682B8429F9}.Debug|Any CPU.Build.0 = Debug|Any CPU
		{91853723-3C69-4223-AE4F-39682B8429F9}.Release|Any CPU.ActiveCfg = Release|Any CPU
		{91853723-3C69-4223-AE4F-39682B8429F9}.Release|Any CPU.Build.0 = Release|Any CPU
	EndGlobalSection
	GlobalSection(SolutionProperties) = preSolution
		HideSolutionNode = FALSE
	EndGlobalSection
EndGlobal
